// !$*UTF8*$!
{
	archiveVersion = 1;
	classes = {
	};
	objectVersion = 56;
	objects = {

/* Begin PBXBuildFile section */
		91A0DC4B2B0E00AA00F12345 /* AppDelegate.swift in Sources */ = {isa = PBXBuildFile; fileRef = 91A0DC4A2B0E00AA00F12345 /* AppDelegate.swift */; };
		91A0DC4F2B0E00AB00F12345 /* Assets.xcassets in Resources */ = {isa = PBXBuildFile; fileRef = 91A0DC4E2B0E00AB00F12345 /* Assets.xcassets */; };
		AABB000100000001F1234567 /* bop.caf in Resources */ = {isa = PBXBuildFile; fileRef = AABB000200000001F1234567 /* bop.caf */; };
		AABB000100000002F1234567 /* pop.caf in Resources */ = {isa = PBXBuildFile; fileRef = AABB000200000002F1234567 /* pop.caf */; };
		AABB000100000003F1234567 /* bgmusic.caf in Resources */ = {isa = PBXBuildFile; fileRef = AABB000200000003F1234567 /* bgmusic.caf */; };
		CCDD000400000001F1234567 /* GoogleService-Info.plist in Resources */ = {isa = PBXBuildFile; fileRef = CCDD000400000002F1234567 /* GoogleService-Info.plist */; };
		CCDD000500000001F1234567 /* SwiftFirebaseRepo.swift in Sources */ = {isa = PBXBuildFile; fileRef = CCDD000500000002F1234567 /* SwiftFirebaseRepo.swift */; };
		CCDD000300000001F1234567 /* FirebaseAuth in Frameworks */ = {isa = PBXBuildFile; productRef = CCDD000200000001F1234567 /* FirebaseAuth */; };
		CCDD000300000002F1234567 /* FirebaseDatabase in Frameworks */ = {isa = PBXBuildFile; productRef = CCDD000200000002F1234567 /* FirebaseDatabase */; };
		CCDD000300000003F1234567 /* FirebaseAnalytics in Frameworks */ = {isa = PBXBuildFile; productRef = CCDD000200000003F1234567 /* FirebaseAnalytics */; };
/* End PBXBuildFile section */

/* Begin PBXFileReference section */
		91A0DC472B0E00AA00F12345 /* iosApp.app */ = {isa = PBXFileReference; explicitFileType = wrapper.application; includeInIndex = 0; path = iosApp.app; sourceTree = BUILT_PRODUCTS_DIR; };
		91A0DC4A2B0E00AA00F12345 /* AppDelegate.swift */ = {isa = PBXFileReference; lastKnownFileType = sourcecode.swift; path = AppDelegate.swift; sourceTree = "<group>"; };
		91A0DC4E2B0E00AB00F12345 /* Assets.xcassets */ = {isa = PBXFileReference; lastKnownFileType = folder.assetcatalog; path = Assets.xcassets; sourceTree = "<group>"; };
		91A0DC532B0E00AB00F12345 /* Info.plist */ = {isa = PBXFileReference; lastKnownFileType = text.plist.xml; path = Info.plist; sourceTree = "<group>"; };
		AABB000200000001F1234567 /* bop.caf */ = {isa = PBXFileReference; lastKnownFileType = file; path = bop.caf; sourceTree = "<group>"; };
		AABB000200000002F1234567 /* pop.caf */ = {isa = PBXFileReference; lastKnownFileType = file; path = pop.caf; sourceTree = "<group>"; };
		AABB000200000003F1234567 /* bgmusic.caf */ = {isa = PBXFileReference; lastKnownFileType = file; path = bgmusic.caf; sourceTree = "<group>"; };
		CCDD000400000002F1234567 /* GoogleService-Info.plist */ = {isa = PBXFileReference; lastKnownFileType = text.plist.xml; path = "GoogleService-Info.plist"; sourceTree = "<group>"; };
		CCDD000500000002F1234567 /* SwiftFirebaseRepo.swift */ = {isa = PBXFileReference; lastKnownFileType = sourcecode.swift; path = SwiftFirebaseRepo.swift; sourceTree = "<group>"; };
/* End PBXFileReference section */

/* Begin PBXFrameworksBuildPhase section */
		91A0DC442B0E00AA00F12345 /* Frameworks */ = {
			isa = PBXFrameworksBuildPhase;
			buildActionMask = 2147483647;
			files = (
				CCDD000300000001F1234567 /* FirebaseAuth in Frameworks */,
				CCDD000300000002F1234567 /* FirebaseDatabase in Frameworks */,
				CCDD000300000003F1234567 /* FirebaseAnalytics in Frameworks */,
			);
			runOnlyForDeploymentPostprocessing = 0;
		};
/* End PBXFrameworksBuildPhase section */

/* Begin PBXGroup section */
		91A0DC3E2B0E00AA00F12345 = {
			isa = PBXGroup;
			children = (
				91A0DC492B0E00AA00F12345 /* iosApp */,
				91A0DC482B0E00AA00F12345 /* Products */,
			);
			sourceTree = "<group>";
		};
		91A0DC482B0E00AA00F12345 /* Products */ = {
			isa = PBXGroup;
			children = (
				91A0DC472B0E00AA00F12345 /* iosApp.app */,
			);
			name = Products;
			sourceTree = "<group>";
		};
		91A0DC492B0E00AA00F12345 /* iosApp */ = {
			isa = PBXGroup;
			children = (
				91A0DC4A2B0E00AA00F12345 /* AppDelegate.swift */,
				91A0DC4E2B0E00AB00F12345 /* Assets.xcassets */,
				91A0DC532B0E00AB00F12345 /* Info.plist */,
				AABB000200000001F1234567 /* bop.caf */,
				AABB000200000002F1234567 /* pop.caf */,
				AABB000200000003F1234567 /* bgmusic.caf */,
				CCDD000400000002F1234567 /* GoogleService-Info.plist */,
				CCDD000500000002F1234567 /* SwiftFirebaseRepo.swift */,
			);
			path = iosApp;
			sourceTree = "<group>";
		};
/* End PBXGroup section */

/* Begin PBXNativeTarget section */
		91A0DC462B0E00AA00F12345 /* iosApp */ = {
			isa = PBXNativeTarget;
			buildConfigurationList = 91A0DC562B0E00AB00F12345 /* Build configuration list for PBXNativeTarget "iosApp" */;
			buildPhases = (
				91A0DC5E2B0E00CD00F12345 /* Compile Kotlin Framework */,
				91A0DC432B0E00AA00F12345 /* Sources */,
				91A0DC442B0E00AA00F12345 /* Frameworks */,
				91A0DC452B0E00AA00F12345 /* Resources */,
			);
			buildRules = (
			);
			dependencies = (
			);
			name = iosApp;
			packageProductDependencies = (
				CCDD000200000001F1234567 /* FirebaseAuth */,
				CCDD000200000002F1234567 /* FirebaseDatabase */,
				CCDD000200000003F1234567 /* FirebaseAnalytics */,
			);
			productName = iosApp;
			productReference = 91A0DC472B0E00AA00F12345 /* iosApp.app */;
			productType = "com.apple.product-type.application";
		};
/* End PBXNativeTarget section */

/* Begin PBXProject section */
		91A0DC3F2B0E00AA00F12345 /* Project object */ = {
			isa = PBXProject;
			attributes = {
				BuildIndependentTargetsInParallel = 1;
				LastSwiftUpdateCheck = 1500;
				LastUpgradeCheck = 1500;
				TargetAttributes = {
					91A0DC462B0E00AA00F12345 = {
						CreatedOnToolsVersion = 15.0;
					};
				};
			};
			buildConfigurationList = 91A0DC422B0E00AA00F12345 /* Build configuration list for PBXProject "iosApp" */;
			compatibilityVersion = "Xcode 14.0";
			developmentRegion = en;
			hasScannedForEncodings = 0;
			knownRegions = (
				en,
				Base,
			);
			mainGroup = 91A0DC3E2B0E00AA00F12345;
			productRefGroup = 91A0DC482B0E00AA00F12345 /* Products */;
			projectDirPath = "";
			packageReferences = (
				CCDD000100000001F1234567 /* XCRemoteSwiftPackageReference "firebase-ios-sdk" */,
			);
			projectRoot = "";
			targets = (
				91A0DC462B0E00AA00F12345 /* iosApp */,
			);
		};
/* End PBXProject section */

/* Begin XCRemoteSwiftPackageReference section */
		CCDD000100000001F1234567 /* XCRemoteSwiftPackageReference "firebase-ios-sdk" */ = {
			isa = XCRemoteSwiftPackageReference;
			repositoryURL = "https://github.com/firebase/firebase-ios-sdk";
			requirement = {
				kind = upToNextMajorVersion;
				minimumVersion = 11.0.0;
			};
		};
/* End XCRemoteSwiftPackageReference section */

/* Begin XCSwiftPackageProductDependency section */
		CCDD000200000001F1234567 /* FirebaseAuth */ = {
			isa = XCSwiftPackageProductDependency;
			package = CCDD000100000001F1234567 /* XCRemoteSwiftPackageReference "firebase-ios-sdk" */;
			productName = FirebaseAuth;
		};
		CCDD000200000002F1234567 /* FirebaseDatabase */ = {
			isa = XCSwiftPackageProductDependency;
			package = CCDD000100000001F1234567 /* XCRemoteSwiftPackageReference "firebase-ios-sdk" */;
			productName = FirebaseDatabase;
		};
		CCDD000200000003F1234567 /* FirebaseAnalytics */ = {
			isa = XCSwiftPackageProductDependency;
			package = CCDD000100000001F1234567 /* XCRemoteSwiftPackageReference "firebase-ios-sdk" */;
			productName = FirebaseAnalytics;
		};
/* End XCSwiftPackageProductDependency section */

/* Begin PBXResourcesBuildPhase section */
		91A0DC452B0E00AA00F12345 /* Resources */ = {
			isa = PBXResourcesBuildPhase;
			buildActionMask = 2147483647;
			files = (
				91A0DC4F2B0E00AB00F12345 /* Assets.xcassets in Resources */,
				AABB000100000001F1234567 /* bop.caf in Resources */,
				AABB000100000002F1234567 /* pop.caf in Resources */,
				AABB000100000003F1234567 /* bgmusic.caf in Resources */,
				CCDD000400000001F1234567 /* GoogleService-Info.plist in Resources */,
			);
			runOnlyForDeploymentPostprocessing = 0;
		};
/* End PBXResourcesBuildPhase section */

/* Begin PBXShellScriptBuildPhase section */
		91A0DC5E2B0E00CD00F12345 /* Compile Kotlin Framework */ = {
			isa = PBXShellScriptBuildPhase;
			buildActionMask = 2147483647;
			files = (
			);
			inputFileListPaths = (
			);
			inputPaths = (
			);
			name = "Compile Kotlin Framework";
			outputFileListPaths = (
			);
			outputPaths = (
			);
			runOnlyForDeploymentPostprocessing = 0;
			shellPath = /bin/sh;
			shellScript = "cd \"$SRCROOT/..\"\n./gradlew :shared:embedAndSignAppleFrameworkForXcode\n";
		};
/* End PBXShellScriptBuildPhase section */

/* Begin PBXSourcesBuildPhase section */
		91A0DC432B0E00AA00F12345 /* Sources */ = {
			isa = PBXSourcesBuildPhase;
			buildActionMask = 2147483647;
			files = (
				91A0DC4B2B0E00AA00F12345 /* AppDelegate.swift in Sources */,
				CCDD000500000001F1234567 /* SwiftFirebaseRepo.swift in Sources */,
			);
			runOnlyForDeploymentPostprocessing = 0;
		};
/* End PBXSourcesBuildPhase section */

/* Begin XCBuildConfiguration section */
		91A0DC542B0E00AB00F12345 /* Debug */ = {
			isa = XCBuildConfiguration;
			buildSettings = {
				ALWAYS_SEARCH_USER_PATHS = NO;
				ASSETCATALOG_COMPILER_GENERATE_SWIFT_ASSET_SYMBOL_EXTENSIONS = YES;
				CLANG_ANALYZER_NONNULL = YES;
				CLANG_ANALYZER_NUMBER_OBJECT_CONVERSION = YES_AGGRESSIVE;
				CLANG_CXX_LANGUAGE_STANDARD = "gnu++20";
				CLANG_ENABLE_MODULES = YES;
				CLANG_ENABLE_OBJC_ARC = YES;
				CLANG_ENABLE_OBJC_WEAK = YES;
				CLANG_WARN_BLOCK_CAPTURE_AUTORELEASING = YES;
				CLANG_WARN_BOOL_CONVERSION = YES;
				CLANG_WARN_COMMA = YES;
				CLANG_WARN_CONSTANT_CONVERSION = YES;
				CLANG_WARN_DEPRECATED_OBJC_IMPLEMENTATIONS = YES;
				CLANG_WARN_DIRECT_OBJC_ISA_USAGE = YES_ERROR;
				CLANG_WARN_DOCUMENTATION_COMMENTS = YES;
				CLANG_WARN_EMPTY_BODY = YES;
				CLANG_WARN_ENUM_CONVERSION = YES;
				CLANG_WARN_INFINITE_RECURSION = YES;
				CLANG_WARN_INT_CONVERSION = YES;
				CLANG_WARN_NON_LITERAL_NULL_CONVERSION = YES;
				CLANG_WARN_OBJC_IMPLICIT_RETAIN_SELF = YES;
				CLANG_WARN_OBJC_LITERAL_CONVERSION = YES;
				CLANG_WARN_OBJC_ROOT_CLASS = YES_ERROR;
				CLANG_WARN_QUOTED_INCLUDE_IN_FRAMEWORK_HEADER = YES;
				CLANG_WARN_RANGE_LOOP_ANALYSIS = YES;
				CLANG_WARN_STRICT_PROTOTYPES = YES;
				CLANG_WARN_SUSPICIOUS_MOVE = YES;
				CLANG_WARN_UNGUARDED_AVAILABILITY = YES_AGGRESSIVE;
				CLANG_WARN_UNREACHABLE_CODE = YES;
				CLANG_WARN__DUPLICATE_METHOD_MATCH = YES;
				COPY_PHASE_STRIP = NO;
				DEBUG_INFORMATION_FORMAT = dwarf;
				ENABLE_STRICT_OBJC_MSGSEND = YES;
				ENABLE_TESTABILITY = YES;
				ENABLE_USER_SCRIPT_SANDBOXING = NO;
				GCC_C_LANGUAGE_STANDARD = gnu17;
				GCC_DYNAMIC_NO_PIC = NO;
				GCC_NO_COMMON_BLOCKS = YES;
				GCC_OPTIMIZATION_LEVEL = 0;
				GCC_PREPROCESSOR_DEFINITIONS = (
					"DEBUG=1",
					"$(inherited)",
				);
				GCC_WARN_64_TO_32_BIT_CONVERSION = YES;
				GCC_WARN_ABOUT_RETURN_TYPE = YES_ERROR;
				GCC_WARN_UNDECLARED_SELECTOR = YES;
				GCC_WARN_UNINITIALIZED_AUTOS = YES_AGGRESSIVE;
				GCC_WARN_UNUSED_FUNCTION = YES;
				GCC_WARN_UNUSED_VARIABLE = YES;
				IPHONEOS_DEPLOYMENT_TARGET = 16.0;
				MTL_ENABLE_DEBUG_INFO = INCLUDE_SOURCE;
				MTL_FAST_MATH = YES;
				ONLY_ACTIVE_ARCH = YES;
				SDKROOT = iphoneos;
				SWIFT_ACTIVE_COMPILATION_CONDITIONS = "DEBUG $(inherited)";
				SWIFT_OPTIMIZATION_LEVEL = "-Onone";
			};
			name = Debug;
		};
		91A0DC552B0E00AB00F12345 /* Release */ = {
			isa = XCBuildConfiguration;
			buildSettings = {
				ALWAYS_SEARCH_USER_PATHS = NO;
				ASSETCATALOG_COMPILER_GENERATE_SWIFT_ASSET_SYMBOL_EXTENSIONS = YES;
				CLANG_ANALYZER_NONNULL = YES;
				CLANG_ANALYZER_NUMBER_OBJECT_CONVERSION = YES_AGGRESSIVE;
				CLANG_CXX_LANGUAGE_STANDARD = "gnu++20";
				CLANG_ENABLE_MODULES = YES;
				CLANG_ENABLE_OBJC_ARC = YES;
				CLANG_ENABLE_OBJC_WEAK = YES;
				CLANG_WARN_BLOCK_CAPTURE_AUTORELEASING = YES;
				CLANG_WARN_BOOL_CONVERSION = YES;
				CLANG_WARN_COMMA = YES;
				CLANG_WARN_CONSTANT_CONVERSION = YES;
				CLANG_WARN_DEPRECATED_OBJC_IMPLEMENTATIONS = YES;
				CLANG_WARN_DIRECT_OBJC_ISA_USAGE = YES_ERROR;
				CLANG_WARN_DOCUMENTATION_COMMENTS = YES;
				CLANG_WARN_EMPTY_BODY = YES;
				CLANG_WARN_ENUM_CONVERSION = YES;
				CLANG_WARN_INFINITE_RECURSION = YES;
				CLANG_WARN_INT_CONVERSION = YES;
				CLANG_WARN_NON_LITERAL_NULL_CONVERSION = YES;
				CLANG_WARN_OBJC_IMPLICIT_RETAIN_SELF = YES;
				CLANG_WARN_OBJC_LITERAL_CONVERSION = YES;
				CLANG_WARN_OBJC_ROOT_CLASS = YES_ERROR;
				CLANG_WARN_QUOTED_INCLUDE_IN_FRAMEWORK_HEADER = YES;
				CLANG_WARN_RANGE_LOOP_ANALYSIS = YES;
				CLANG_WARN_STRICT_PROTOTYPES = YES;
				CLANG_WARN_SUSPICIOUS_MOVE = YES;
				CLANG_WARN_UNGUARDED_AVAILABILITY = YES_AGGRESSIVE;
				CLANG_WARN_UNREACHABLE_CODE = YES;
				CLANG_WARN__DUPLICATE_METHOD_MATCH = YES;
				COPY_PHASE_STRIP = NO;
				DEBUG_INFORMATION_FORMAT = "dwarf-with-dsym";
				ENABLE_NS_ASSERTIONS = NO;
				ENABLE_STRICT_OBJC_MSGSEND = YES;
				ENABLE_USER_SCRIPT_SANDBOXING = NO;
				GCC_C_LANGUAGE_STANDARD = gnu17;
				GCC_NO_COMMON_BLOCKS = YES;
				GCC_WARN_64_TO_32_BIT_CONVERSION = YES;
				GCC_WARN_ABOUT_RETURN_TYPE = YES_ERROR;
				GCC_WARN_UNDECLARED_SELECTOR = YES;
				GCC_WARN_UNINITIALIZED_AUTOS = YES_AGGRESSIVE;
				GCC_WARN_UNUSED_FUNCTION = YES;
				GCC_WARN_UNUSED_VARIABLE = YES;
				IPHONEOS_DEPLOYMENT_TARGET = 16.0;
				MTL_ENABLE_DEBUG_INFO = NO;
				MTL_FAST_MATH = YES;
				SDKROOT = iphoneos;
				SWIFT_COMPILATION_MODE = wholemodule;
				VALIDATE_PRODUCT = YES;
			};
			name = Release;
		};
		91A0DC572B0E00AB00F12345 /* Debug */ = {
			isa = XCBuildConfiguration;
			buildSettings = {
				ASSETCATALOG_COMPILER_APPICON_NAME = AppIcon;
				ASSETCATALOG_COMPILER_GLOBAL_ACCENT_COLOR_NAME = AccentColor;
				CODE_SIGN_STYLE = Automatic;
				CURRENT_PROJECT_VERSION = 13;
				FRAMEWORK_SEARCH_PATHS = "$(SRCROOT)/../shared/build/xcode-frameworks/$(CONFIGURATION)/$(SDK_NAME)";
				INFOPLIST_FILE = iosApp/Info.plist;
				IPHONEOS_DEPLOYMENT_TARGET = 16.0;
				LD_RUNPATH_SEARCH_PATHS = (
					"$(inherited)",
					"@executable_path/Frameworks",
				);
				MARKETING_VERSION = 1.13;
				OTHER_LDFLAGS = (
					"$(inherited)",
					"-framework",
					shared,
				);
				PRODUCT_BUNDLE_IDENTIFIER = com.blueedge.chainreaction;
				PRODUCT_NAME = "$(TARGET_NAME)";
				SWIFT_EMIT_LOC_STRINGS = YES;
				SWIFT_VERSION = 5.0;
				TARGETED_DEVICE_FAMILY = "1,2";
			};
			name = Debug;
		};
		91A0DC582B0E00AB00F12345 /* Release */ = {
			isa = XCBuildConfiguration;
			buildSettings = {
				ASSETCATALOG_COMPILER_APPICON_NAME = AppIcon;
				ASSETCATALOG_COMPILER_GLOBAL_ACCENT_COLOR_NAME = AccentColor;
				CODE_SIGN_STYLE = Automatic;
				CURRENT_PROJECT_VERSION = 13;
				FRAMEWORK_SEARCH_PATHS = "$(SRCROOT)/../shared/build/xcode-frameworks/$(CONFIGURATION)/$(SDK_NAME)";
				INFOPLIST_FILE = iosApp/Info.plist;
				IPHONEOS_DEPLOYMENT_TARGET = 16.0;
				LD_RUNPATH_SEARCH_PATHS = (
					"$(inherited)",
					"@executable_path/Frameworks",
				);
				MARKETING_VERSION = 1.13;
				OTHER_LDFLAGS = (
					"$(inherited)",
					"-framework",
					shared,
				);
				PRODUCT_BUNDLE_IDENTIFIER = com.blueedge.chainreaction;
				PRODUCT_NAME = "$(TARGET_NAME)";
				SWIFT_EMIT_LOC_STRINGS = YES;
				SWIFT_VERSION = 5.0;
				TARGETED_DEVICE_FAMILY = "1,2";
			};
			name = Release;
		};
/* End XCBuildConfiguration section */

/* Begin XCConfigurationList section */
		91A0DC422B0E00AA00F12345 /* Build configuration list for PBXProject "iosApp" */ = {
			isa = XCConfigurationList;
			buildConfigurations = (
				91A0DC542B0E00AB00F12345 /* Debug */,
				91A0DC552B0E00AB00F12345 /* Release */,
			);
			defaultConfigurationIsVisible = 0;
			defaultConfigurationName = Release;
		};
		91A0DC562B0E00AB00F12345 /* Build configuration list for PBXNativeTarget "iosApp" */ = {
			isa = XCConfigurationList;
			buildConfigurations = (
				91A0DC572B0E00AB00F12345 /* Debug */,
				91A0DC582B0E00AB00F12345 /* Release */,
			);
			defaultConfigurationIsVisible = 0;
			defaultConfigurationName = Release;
		};
/* End XCConfigurationList section */

	};
	rootObject = 91A0DC3F2B0E00AA00F12345 /* Project object */;
}
